// !$*UTF8*$!
{
	archiveVersion = 1;
	classes = {
	};
	objectVersion = 46;
	objects = {

/* Begin PBXBuildFile section */
		570FC2071F111E0E00FEAC03 /* ASToolkit.framework in Frameworks */ = {isa = PBXBuildFile; fileRef = 570FC1FD1F111E0E00FEAC03 /* ASToolkit.framework */; };
		570FC20C1F111E0E00FEAC03 /* ASToolkitTests.swift in Sources */ = {isa = PBXBuildFile; fileRef = 570FC20B1F111E0E00FEAC03 /* ASToolkitTests.swift */; };
		570FC20E1F111E0E00FEAC03 /* ASToolkit.h in Headers */ = {isa = PBXBuildFile; fileRef = 570FC2001F111E0E00FEAC03 /* ASToolkit.h */; settings = {ATTRIBUTES = (Public, ); }; };
		570FC2A91F1124A300FEAC03 /* CGFloat01.swift in Sources */ = {isa = PBXBuildFile; fileRef = 570FC2711F1124A300FEAC03 /* CGFloat01.swift */; };
		570FC2AD1F1124A300FEAC03 /* ExtensionForCoreGraphics.swift in Sources */ = {isa = PBXBuildFile; fileRef = 570FC2751F1124A300FEAC03 /* ExtensionForCoreGraphics.swift */; };
		570FC2AE1F1124A300FEAC03 /* ExtensionForGCD.swift in Sources */ = {isa = PBXBuildFile; fileRef = 570FC2761F1124A300FEAC03 /* ExtensionForGCD.swift */; };
		570FC2AF1F1124A300FEAC03 /* ExtensionForFoundationDate.swift in Sources */ = {isa = PBXBuildFile; fileRef = 570FC2771F1124A300FEAC03 /* ExtensionForFoundationDate.swift */; };
		570FC2B01F1124A300FEAC03 /* ExtensionForFoundationNSAttributedString.swift in Sources */ = {isa = PBXBuildFile; fileRef = 570FC2781F1124A300FEAC03 /* ExtensionForFoundationNSAttributedString.swift */; };
		570FC2B11F1124A300FEAC03 /* ExtensionForFoundationNSCharacterSet.swift in Sources */ = {isa = PBXBuildFile; fileRef = 570FC2791F1124A300FEAC03 /* ExtensionForFoundationNSCharacterSet.swift */; };
		570FC2B21F1124A300FEAC03 /* ExtensionForFoundationNSLayoutAnchor.swift in Sources */ = {isa = PBXBuildFile; fileRef = 570FC27A1F1124A300FEAC03 /* ExtensionForFoundationNSLayoutAnchor.swift */; };
		570FC2B31F1124A300FEAC03 /* ExtensionForFoundationNSLayoutConstraint.swift in Sources */ = {isa = PBXBuildFile; fileRef = 570FC27B1F1124A300FEAC03 /* ExtensionForFoundationNSLayoutConstraint.swift */; };
		570FC2B41F1124A300FEAC03 /* ExtensionForFoundationNSRange.swift in Sources */ = {isa = PBXBuildFile; fileRef = 570FC27C1F1124A300FEAC03 /* ExtensionForFoundationNSRange.swift */; };
		570FC2B51F1124A300FEAC03 /* ExtensionForFoundationUserDefaults.swift in Sources */ = {isa = PBXBuildFile; fileRef = 570FC27D1F1124A300FEAC03 /* ExtensionForFoundationUserDefaults.swift */; };
		570FC2B61F1124A300FEAC03 /* ExtensionForOperators.swift in Sources */ = {isa = PBXBuildFile; fileRef = 570FC27E1F1124A300FEAC03 /* ExtensionForOperators.swift */; };
		570FC2B71F1124A300FEAC03 /* ExtensionForSpriteKit.swift in Sources */ = {isa = PBXBuildFile; fileRef = 570FC27F1F1124A300FEAC03 /* ExtensionForSpriteKit.swift */; };
		570FC2B81F1124A300FEAC03 /* ExtensionForSwiftArray.swift in Sources */ = {isa = PBXBuildFile; fileRef = 570FC2801F1124A300FEAC03 /* ExtensionForSwiftArray.swift */; };
		570FC2B91F1124A300FEAC03 /* ExtensionForSwiftBool.swift in Sources */ = {isa = PBXBuildFile; fileRef = 570FC2811F1124A300FEAC03 /* ExtensionForSwiftBool.swift */; };
		570FC2BA1F1124A300FEAC03 /* ExtensionForSwiftCGFloat.swift in Sources */ = {isa = PBXBuildFile; fileRef = 570FC2821F1124A300FEAC03 /* ExtensionForSwiftCGFloat.swift */; };
		570FC2BB1F1124A300FEAC03 /* ExtensionForSwiftCharacter.swift in Sources */ = {isa = PBXBuildFile; fileRef = 570FC2831F1124A300FEAC03 /* ExtensionForSwiftCharacter.swift */; };
		570FC2BC1F1124A300FEAC03 /* ExtensionForSwiftCollection.swift in Sources */ = {isa = PBXBuildFile; fileRef = 570FC2841F1124A300FEAC03 /* ExtensionForSwiftCollection.swift */; };
		570FC2BD1F1124A300FEAC03 /* ExtensionForSwiftDouble.swift in Sources */ = {isa = PBXBuildFile; fileRef = 570FC2851F1124A300FEAC03 /* ExtensionForSwiftDouble.swift */; };
		570FC2BE1F1124A300FEAC03 /* ExtensionForSwiftFloat.swift in Sources */ = {isa = PBXBuildFile; fileRef = 570FC2861F1124A300FEAC03 /* ExtensionForSwiftFloat.swift */; };
		570FC2BF1F1124A300FEAC03 /* ExtensionForSwiftInt.swift in Sources */ = {isa = PBXBuildFile; fileRef = 570FC2871F1124A300FEAC03 /* ExtensionForSwiftInt.swift */; };
		570FC2C01F1124A300FEAC03 /* ExtensionForSwiftNumeric.swift in Sources */ = {isa = PBXBuildFile; fileRef = 570FC2881F1124A300FEAC03 /* ExtensionForSwiftNumeric.swift */; };
		570FC2C11F1124A300FEAC03 /* ExtensionForSwiftString.swift in Sources */ = {isa = PBXBuildFile; fileRef = 570FC2891F1124A300FEAC03 /* ExtensionForSwiftString.swift */; };
		570FC2C21F1124A300FEAC03 /* ExtensionForSwiftUInt.swift in Sources */ = {isa = PBXBuildFile; fileRef = 570FC28A1F1124A300FEAC03 /* ExtensionForSwiftUInt.swift */; };
		570FC2C31F1124A300FEAC03 /* ExtensionForUIKitUIButton.swift in Sources */ = {isa = PBXBuildFile; fileRef = 570FC28B1F1124A300FEAC03 /* ExtensionForUIKitUIButton.swift */; };
		570FC2C41F1124A300FEAC03 /* ExtensionForUIKitUIColor.swift in Sources */ = {isa = PBXBuildFile; fileRef = 570FC28C1F1124A300FEAC03 /* ExtensionForUIKitUIColor.swift */; };
		570FC2C51F1124A300FEAC03 /* ExtensionForUIKitUIEdgeInsets.swift in Sources */ = {isa = PBXBuildFile; fileRef = 570FC28D1F1124A300FEAC03 /* ExtensionForUIKitUIEdgeInsets.swift */; };
		570FC2C61F1124A300FEAC03 /* ExtensionForUIKitUIFont.swift in Sources */ = {isa = PBXBuildFile; fileRef = 570FC28E1F1124A300FEAC03 /* ExtensionForUIKitUIFont.swift */; };
		570FC2C71F1124A300FEAC03 /* ExtensionForUIKitUIView.swift in Sources */ = {isa = PBXBuildFile; fileRef = 570FC28F1F1124A300FEAC03 /* ExtensionForUIKitUIView.swift */; };
		570FC2C91F1124A300FEAC03 /* Math.swift in Sources */ = {isa = PBXBuildFile; fileRef = 570FC2911F1124A300FEAC03 /* Math.swift */; };
		570FC2CC1F1124A300FEAC03 /* NSLayoutConstraintsBuilder.swift in Sources */ = {isa = PBXBuildFile; fileRef = 570FC2941F1124A300FEAC03 /* NSLayoutConstraintsBuilder.swift */; };
		570FC2D01F1124A300FEAC03 /* UIButtonWithCenteredCircle.swift in Sources */ = {isa = PBXBuildFile; fileRef = 570FC2981F1124A300FEAC03 /* UIButtonWithCenteredCircle.swift */; };
		570FC2D11F1124A300FEAC03 /* UIGlyph.swift in Sources */ = {isa = PBXBuildFile; fileRef = 570FC2991F1124A300FEAC03 /* UIGlyph.swift */; };
		570FC2D21F1124A300FEAC03 /* UILabelWithInsets.swift in Sources */ = {isa = PBXBuildFile; fileRef = 570FC29A1F1124A300FEAC03 /* UILabelWithInsets.swift */; };
		570FC2D31F1124A300FEAC03 /* UILabelWithInsetsAndCenteredCircle.swift in Sources */ = {isa = PBXBuildFile; fileRef = 570FC29B1F1124A300FEAC03 /* UILabelWithInsetsAndCenteredCircle.swift */; };
		570FC2D41F1124A300FEAC03 /* UIPaneBorder.swift in Sources */ = {isa = PBXBuildFile; fileRef = 570FC29C1F1124A300FEAC03 /* UIPaneBorder.swift */; };
		570FC2D51F1124A300FEAC03 /* UIViewCircle.swift in Sources */ = {isa = PBXBuildFile; fileRef = 570FC29D1F1124A300FEAC03 /* UIViewCircle.swift */; };
		570FC2D71F1124A300FEAC03 /* UIPaneGroup.swift in Sources */ = {isa = PBXBuildFile; fileRef = 570FC29F1F1124A300FEAC03 /* UIPaneGroup.swift */; };
		570FC2D81F1124A300FEAC03 /* UIPaneGroupValue.swift in Sources */ = {isa = PBXBuildFile; fileRef = 570FC2A01F1124A300FEAC03 /* UIPaneGroupValue.swift */; };
		570FC2D91F1124A300FEAC03 /* UIPane.swift in Sources */ = {isa = PBXBuildFile; fileRef = 570FC2A11F1124A300FEAC03 /* UIPane.swift */; };
		570FC2DA1F1124A300FEAC03 /* UIPaneSlider.swift in Sources */ = {isa = PBXBuildFile; fileRef = 570FC2A21F1124A300FEAC03 /* UIPaneSlider.swift */; };
		570FC2DB1F1124A300FEAC03 /* UIPaneValue.swift in Sources */ = {isa = PBXBuildFile; fileRef = 570FC2A31F1124A300FEAC03 /* UIPaneValue.swift */; };
		570FC2DC1F1124A300FEAC03 /* Utility.swift in Sources */ = {isa = PBXBuildFile; fileRef = 570FC2A41F1124A300FEAC03 /* Utility.swift */; };
		570FC2DD1F1124A300FEAC03 /* UtilityBlock.swift in Sources */ = {isa = PBXBuildFile; fileRef = 570FC2A51F1124A300FEAC03 /* UtilityBlock.swift */; };
		570FC2DE1F1124A300FEAC03 /* UtilityLoop.swift in Sources */ = {isa = PBXBuildFile; fileRef = 570FC2A61F1124A300FEAC03 /* UtilityLoop.swift */; };
		570FC2E21F16643B00FEAC03 /* testUtilityVariable.swift in Sources */ = {isa = PBXBuildFile; fileRef = 570FC2961F1124A300FEAC03 /* testUtilityVariable.swift */; };
		570FC2EA1F16681B00FEAC03 /* AppDelegate.swift in Sources */ = {isa = PBXBuildFile; fileRef = 570FC2E91F16681B00FEAC03 /* AppDelegate.swift */; };
		570FC2F41F16681B00FEAC03 /* Assets.xcassets in Resources */ = {isa = PBXBuildFile; fileRef = 570FC2F31F16681B00FEAC03 /* Assets.xcassets */; };
		570FC3191F1669A200FEAC03 /* UIViewShowcase.swift in Sources */ = {isa = PBXBuildFile; fileRef = 570FC3181F1669A200FEAC03 /* UIViewShowcase.swift */; };
		570FC31A1F166A3F00FEAC03 /* ASToolkit.framework in Frameworks */ = {isa = PBXBuildFile; fileRef = 570FC1FD1F111E0E00FEAC03 /* ASToolkit.framework */; };
		570FC31E1F167D9B00FEAC03 /* Main.storyboard in Resources */ = {isa = PBXBuildFile; fileRef = 570FC31D1F167D9B00FEAC03 /* Main.storyboard */; };
		570FC3201F17C76A00FEAC03 /* Environment.swift in Sources */ = {isa = PBXBuildFile; fileRef = 570FC31F1F17C76A00FEAC03 /* Environment.swift */; };
		57DD96C71F1802F10001C481 /* Variable.swift in Sources */ = {isa = PBXBuildFile; fileRef = 57DD96C61F1802F10001C481 /* Variable.swift */; };
		57DD96C91F1814D20001C481 /* ExtensionForSwift.swift in Sources */ = {isa = PBXBuildFile; fileRef = 57DD96C81F1814D20001C481 /* ExtensionForSwift.swift */; };
/* End PBXBuildFile section */

/* Begin PBXContainerItemProxy section */
		570FC2081F111E0E00FEAC03 /* PBXContainerItemProxy */ = {
			isa = PBXContainerItemProxy;
			containerPortal = 570FC1F41F111E0E00FEAC03 /* Project object */;
			proxyType = 1;
			remoteGlobalIDString = 570FC1FC1F111E0E00FEAC03;
			remoteInfo = ASToolkit;
		};
		570FC31B1F166BE200FEAC03 /* PBXContainerItemProxy */ = {
			isa = PBXContainerItemProxy;
			containerPortal = 570FC1F41F111E0E00FEAC03 /* Project object */;
			proxyType = 1;
			remoteGlobalIDString = 570FC1FC1F111E0E00FEAC03;
			remoteInfo = ASToolkit;
		};
/* End PBXContainerItemProxy section */

/* Begin PBXFileReference section */
		570FC1FD1F111E0E00FEAC03 /* ASToolkit.framework */ = {isa = PBXFileReference; explicitFileType = wrapper.framework; includeInIndex = 0; path = ASToolkit.framework; sourceTree = BUILT_PRODUCTS_DIR; };
		570FC2001F111E0E00FEAC03 /* ASToolkit.h */ = {isa = PBXFileReference; lastKnownFileType = sourcecode.c.h; path = ASToolkit.h; sourceTree = "<group>"; };
		570FC2011F111E0E00FEAC03 /* Info.plist */ = {isa = PBXFileReference; lastKnownFileType = text.plist.xml; path = Info.plist; sourceTree = "<group>"; };
		570FC2061F111E0E00FEAC03 /* ASToolkitTests.xctest */ = {isa = PBXFileReference; explicitFileType = wrapper.cfbundle; includeInIndex = 0; path = ASToolkitTests.xctest; sourceTree = BUILT_PRODUCTS_DIR; };
		570FC20B1F111E0E00FEAC03 /* ASToolkitTests.swift */ = {isa = PBXFileReference; lastKnownFileType = sourcecode.swift; path = ASToolkitTests.swift; sourceTree = "<group>"; };
		570FC20D1F111E0E00FEAC03 /* Info.plist */ = {isa = PBXFileReference; lastKnownFileType = text.plist.xml; path = Info.plist; sourceTree = "<group>"; };
		570FC2711F1124A300FEAC03 /* CGFloat01.swift */ = {isa = PBXFileReference; fileEncoding = 4; lastKnownFileType = sourcecode.swift; path = CGFloat01.swift; sourceTree = "<group>"; };
		570FC2751F1124A300FEAC03 /* ExtensionForCoreGraphics.swift */ = {isa = PBXFileReference; fileEncoding = 4; lastKnownFileType = sourcecode.swift; path = ExtensionForCoreGraphics.swift; sourceTree = "<group>"; };
		570FC2761F1124A300FEAC03 /* ExtensionForGCD.swift */ = {isa = PBXFileReference; fileEncoding = 4; lastKnownFileType = sourcecode.swift; path = ExtensionForGCD.swift; sourceTree = "<group>"; };
		570FC2771F1124A300FEAC03 /* ExtensionForFoundationDate.swift */ = {isa = PBXFileReference; fileEncoding = 4; lastKnownFileType = sourcecode.swift; path = ExtensionForFoundationDate.swift; sourceTree = "<group>"; };
		570FC2781F1124A300FEAC03 /* ExtensionForFoundationNSAttributedString.swift */ = {isa = PBXFileReference; fileEncoding = 4; lastKnownFileType = sourcecode.swift; path = ExtensionForFoundationNSAttributedString.swift; sourceTree = "<group>"; };
		570FC2791F1124A300FEAC03 /* ExtensionForFoundationNSCharacterSet.swift */ = {isa = PBXFileReference; fileEncoding = 4; lastKnownFileType = sourcecode.swift; path = ExtensionForFoundationNSCharacterSet.swift; sourceTree = "<group>"; };
		570FC27A1F1124A300FEAC03 /* ExtensionForFoundationNSLayoutAnchor.swift */ = {isa = PBXFileReference; fileEncoding = 4; lastKnownFileType = sourcecode.swift; path = ExtensionForFoundationNSLayoutAnchor.swift; sourceTree = "<group>"; };
		570FC27B1F1124A300FEAC03 /* ExtensionForFoundationNSLayoutConstraint.swift */ = {isa = PBXFileReference; fileEncoding = 4; lastKnownFileType = sourcecode.swift; path = ExtensionForFoundationNSLayoutConstraint.swift; sourceTree = "<group>"; };
		570FC27C1F1124A300FEAC03 /* ExtensionForFoundationNSRange.swift */ = {isa = PBXFileReference; fileEncoding = 4; lastKnownFileType = sourcecode.swift; path = ExtensionForFoundationNSRange.swift; sourceTree = "<group>"; };
		570FC27D1F1124A300FEAC03 /* ExtensionForFoundationUserDefaults.swift */ = {isa = PBXFileReference; fileEncoding = 4; lastKnownFileType = sourcecode.swift; path = ExtensionForFoundationUserDefaults.swift; sourceTree = "<group>"; };
		570FC27E1F1124A300FEAC03 /* ExtensionForOperators.swift */ = {isa = PBXFileReference; fileEncoding = 4; lastKnownFileType = sourcecode.swift; path = ExtensionForOperators.swift; sourceTree = "<group>"; };
		570FC27F1F1124A300FEAC03 /* ExtensionForSpriteKit.swift */ = {isa = PBXFileReference; fileEncoding = 4; lastKnownFileType = sourcecode.swift; path = ExtensionForSpriteKit.swift; sourceTree = "<group>"; };
		570FC2801F1124A300FEAC03 /* ExtensionForSwiftArray.swift */ = {isa = PBXFileReference; fileEncoding = 4; lastKnownFileType = sourcecode.swift; path = ExtensionForSwiftArray.swift; sourceTree = "<group>"; };
		570FC2811F1124A300FEAC03 /* ExtensionForSwiftBool.swift */ = {isa = PBXFileReference; fileEncoding = 4; lastKnownFileType = sourcecode.swift; path = ExtensionForSwiftBool.swift; sourceTree = "<group>"; };
		570FC2821F1124A300FEAC03 /* ExtensionForSwiftCGFloat.swift */ = {isa = PBXFileReference; fileEncoding = 4; lastKnownFileType = sourcecode.swift; path = ExtensionForSwiftCGFloat.swift; sourceTree = "<group>"; };
		570FC2831F1124A300FEAC03 /* ExtensionForSwiftCharacter.swift */ = {isa = PBXFileReference; fileEncoding = 4; lastKnownFileType = sourcecode.swift; path = ExtensionForSwiftCharacter.swift; sourceTree = "<group>"; };
		570FC2841F1124A300FEAC03 /* ExtensionForSwiftCollection.swift */ = {isa = PBXFileReference; fileEncoding = 4; lastKnownFileType = sourcecode.swift; path = ExtensionForSwiftCollection.swift; sourceTree = "<group>"; };
		570FC2851F1124A300FEAC03 /* ExtensionForSwiftDouble.swift */ = {isa = PBXFileReference; fileEncoding = 4; lastKnownFileType = sourcecode.swift; path = ExtensionForSwiftDouble.swift; sourceTree = "<group>"; };
		570FC2861F1124A300FEAC03 /* ExtensionForSwiftFloat.swift */ = {isa = PBXFileReference; fileEncoding = 4; lastKnownFileType = sourcecode.swift; path = ExtensionForSwiftFloat.swift; sourceTree = "<group>"; };
		570FC2871F1124A300FEAC03 /* ExtensionForSwiftInt.swift */ = {isa = PBXFileReference; fileEncoding = 4; lastKnownFileType = sourcecode.swift; path = ExtensionForSwiftInt.swift; sourceTree = "<group>"; };
		570FC2881F1124A300FEAC03 /* ExtensionForSwiftNumeric.swift */ = {isa = PBXFileReference; fileEncoding = 4; lastKnownFileType = sourcecode.swift; path = ExtensionForSwiftNumeric.swift; sourceTree = "<group>"; };
		570FC2891F1124A300FEAC03 /* ExtensionForSwiftString.swift */ = {isa = PBXFileReference; fileEncoding = 4; lastKnownFileType = sourcecode.swift; path = ExtensionForSwiftString.swift; sourceTree = "<group>"; };
		570FC28A1F1124A300FEAC03 /* ExtensionForSwiftUInt.swift */ = {isa = PBXFileReference; fileEncoding = 4; lastKnownFileType = sourcecode.swift; path = ExtensionForSwiftUInt.swift; sourceTree = "<group>"; };
		570FC28B1F1124A300FEAC03 /* ExtensionForUIKitUIButton.swift */ = {isa = PBXFileReference; fileEncoding = 4; lastKnownFileType = sourcecode.swift; path = ExtensionForUIKitUIButton.swift; sourceTree = "<group>"; };
		570FC28C1F1124A300FEAC03 /* ExtensionForUIKitUIColor.swift */ = {isa = PBXFileReference; fileEncoding = 4; lastKnownFileType = sourcecode.swift; path = ExtensionForUIKitUIColor.swift; sourceTree = "<group>"; };
		570FC28D1F1124A300FEAC03 /* ExtensionForUIKitUIEdgeInsets.swift */ = {isa = PBXFileReference; fileEncoding = 4; lastKnownFileType = sourcecode.swift; path = ExtensionForUIKitUIEdgeInsets.swift; sourceTree = "<group>"; };
		570FC28E1F1124A300FEAC03 /* ExtensionForUIKitUIFont.swift */ = {isa = PBXFileReference; fileEncoding = 4; lastKnownFileType = sourcecode.swift; path = ExtensionForUIKitUIFont.swift; sourceTree = "<group>"; };
		570FC28F1F1124A300FEAC03 /* ExtensionForUIKitUIView.swift */ = {isa = PBXFileReference; fileEncoding = 4; lastKnownFileType = sourcecode.swift; path = ExtensionForUIKitUIView.swift; sourceTree = "<group>"; };
		570FC2911F1124A300FEAC03 /* Math.swift */ = {isa = PBXFileReference; fileEncoding = 4; lastKnownFileType = sourcecode.swift; path = Math.swift; sourceTree = "<group>"; };
		570FC2941F1124A300FEAC03 /* NSLayoutConstraintsBuilder.swift */ = {isa = PBXFileReference; fileEncoding = 4; lastKnownFileType = sourcecode.swift; path = NSLayoutConstraintsBuilder.swift; sourceTree = "<group>"; };
		570FC2961F1124A300FEAC03 /* testUtilityVariable.swift */ = {isa = PBXFileReference; fileEncoding = 4; lastKnownFileType = sourcecode.swift; path = testUtilityVariable.swift; sourceTree = "<group>"; };
		570FC2981F1124A300FEAC03 /* UIButtonWithCenteredCircle.swift */ = {isa = PBXFileReference; fileEncoding = 4; lastKnownFileType = sourcecode.swift; path = UIButtonWithCenteredCircle.swift; sourceTree = "<group>"; };
		570FC2991F1124A300FEAC03 /* UIGlyph.swift */ = {isa = PBXFileReference; fileEncoding = 4; lastKnownFileType = sourcecode.swift; path = UIGlyph.swift; sourceTree = "<group>"; };
		570FC29A1F1124A300FEAC03 /* UILabelWithInsets.swift */ = {isa = PBXFileReference; fileEncoding = 4; lastKnownFileType = sourcecode.swift; path = UILabelWithInsets.swift; sourceTree = "<group>"; };
		570FC29B1F1124A300FEAC03 /* UILabelWithInsetsAndCenteredCircle.swift */ = {isa = PBXFileReference; fileEncoding = 4; lastKnownFileType = sourcecode.swift; path = UILabelWithInsetsAndCenteredCircle.swift; sourceTree = "<group>"; };
		570FC29C1F1124A300FEAC03 /* UIPaneBorder.swift */ = {isa = PBXFileReference; fileEncoding = 4; lastKnownFileType = sourcecode.swift; path = UIPaneBorder.swift; sourceTree = "<group>"; };
		570FC29D1F1124A300FEAC03 /* UIViewCircle.swift */ = {isa = PBXFileReference; fileEncoding = 4; lastKnownFileType = sourcecode.swift; path = UIViewCircle.swift; sourceTree = "<group>"; };
		570FC29F1F1124A300FEAC03 /* UIPaneGroup.swift */ = {isa = PBXFileReference; fileEncoding = 4; lastKnownFileType = sourcecode.swift; path = UIPaneGroup.swift; sourceTree = "<group>"; };
		570FC2A01F1124A300FEAC03 /* UIPaneGroupValue.swift */ = {isa = PBXFileReference; fileEncoding = 4; lastKnownFileType = sourcecode.swift; path = UIPaneGroupValue.swift; sourceTree = "<group>"; };
		570FC2A11F1124A300FEAC03 /* UIPane.swift */ = {isa = PBXFileReference; fileEncoding = 4; lastKnownFileType = sourcecode.swift; path = UIPane.swift; sourceTree = "<group>"; };
		570FC2A21F1124A300FEAC03 /* UIPaneSlider.swift */ = {isa = PBXFileReference; fileEncoding = 4; lastKnownFileType = sourcecode.swift; path = UIPaneSlider.swift; sourceTree = "<group>"; };
		570FC2A31F1124A300FEAC03 /* UIPaneValue.swift */ = {isa = PBXFileReference; fileEncoding = 4; lastKnownFileType = sourcecode.swift; path = UIPaneValue.swift; sourceTree = "<group>"; };
		570FC2A41F1124A300FEAC03 /* Utility.swift */ = {isa = PBXFileReference; fileEncoding = 4; lastKnownFileType = sourcecode.swift; path = Utility.swift; sourceTree = "<group>"; };
		570FC2A51F1124A300FEAC03 /* UtilityBlock.swift */ = {isa = PBXFileReference; fileEncoding = 4; lastKnownFileType = sourcecode.swift; path = UtilityBlock.swift; sourceTree = "<group>"; };
		570FC2A61F1124A300FEAC03 /* UtilityLoop.swift */ = {isa = PBXFileReference; fileEncoding = 4; lastKnownFileType = sourcecode.swift; path = UtilityLoop.swift; sourceTree = "<group>"; };
		570FC2E71F16681B00FEAC03 /* UIViewShowcase.app */ = {isa = PBXFileReference; explicitFileType = wrapper.application; includeInIndex = 0; path = UIViewShowcase.app; sourceTree = BUILT_PRODUCTS_DIR; };
		570FC2E91F16681B00FEAC03 /* AppDelegate.swift */ = {isa = PBXFileReference; lastKnownFileType = sourcecode.swift; path = AppDelegate.swift; sourceTree = "<group>"; };
		570FC2F31F16681B00FEAC03 /* Assets.xcassets */ = {isa = PBXFileReference; lastKnownFileType = folder.assetcatalog; path = Assets.xcassets; sourceTree = "<group>"; };
		570FC2F81F16681B00FEAC03 /* Info.plist */ = {isa = PBXFileReference; lastKnownFileType = text.plist.xml; path = Info.plist; sourceTree = "<group>"; };
		570FC3181F1669A200FEAC03 /* UIViewShowcase.swift */ = {isa = PBXFileReference; fileEncoding = 4; lastKnownFileType = sourcecode.swift; path = UIViewShowcase.swift; sourceTree = "<group>"; };
		570FC31D1F167D9B00FEAC03 /* Main.storyboard */ = {isa = PBXFileReference; fileEncoding = 4; lastKnownFileType = file.storyboard; path = Main.storyboard; sourceTree = "<group>"; };
		570FC31F1F17C76A00FEAC03 /* Environment.swift */ = {isa = PBXFileReference; fileEncoding = 4; lastKnownFileType = sourcecode.swift; path = Environment.swift; sourceTree = "<group>"; };
		57DD96C61F1802F10001C481 /* Variable.swift */ = {isa = PBXFileReference; fileEncoding = 4; lastKnownFileType = sourcecode.swift; path = Variable.swift; sourceTree = "<group>"; };
		57DD96C81F1814D20001C481 /* ExtensionForSwift.swift */ = {isa = PBXFileReference; fileEncoding = 4; lastKnownFileType = sourcecode.swift; path = ExtensionForSwift.swift; sourceTree = "<group>"; };
/* End PBXFileReference section */

/* Begin PBXFrameworksBuildPhase section */
		570FC1F91F111E0E00FEAC03 /* Frameworks */ = {
			isa = PBXFrameworksBuildPhase;
			buildActionMask = 2147483647;
			files = (
			);
			runOnlyForDeploymentPostprocessing = 0;
		};
		570FC2031F111E0E00FEAC03 /* Frameworks */ = {
			isa = PBXFrameworksBuildPhase;
			buildActionMask = 2147483647;
			files = (
				570FC2071F111E0E00FEAC03 /* ASToolkit.framework in Frameworks */,
			);
			runOnlyForDeploymentPostprocessing = 0;
		};
		570FC2E41F16681B00FEAC03 /* Frameworks */ = {
			isa = PBXFrameworksBuildPhase;
			buildActionMask = 2147483647;
			files = (
				570FC31A1F166A3F00FEAC03 /* ASToolkit.framework in Frameworks */,
			);
			runOnlyForDeploymentPostprocessing = 0;
		};
/* End PBXFrameworksBuildPhase section */

/* Begin PBXGroup section */
		570FC1F31F111E0E00FEAC03 = {
			isa = PBXGroup;
			children = (
				570FC1FF1F111E0E00FEAC03 /* ASToolkit */,
				570FC20A1F111E0E00FEAC03 /* ASToolkitTests */,
				570FC1FE1F111E0E00FEAC03 /* Products */,
				570FC2E81F16681B00FEAC03 /* UIViewShowcase */,
			);
			sourceTree = "<group>";
		};
		570FC1FE1F111E0E00FEAC03 /* Products */ = {
			isa = PBXGroup;
			children = (
				570FC1FD1F111E0E00FEAC03 /* ASToolkit.framework */,
				570FC2061F111E0E00FEAC03 /* ASToolkitTests.xctest */,
				570FC2E71F16681B00FEAC03 /* UIViewShowcase.app */,
			);
			name = Products;
			sourceTree = "<group>";
		};
		570FC1FF1F111E0E00FEAC03 /* ASToolkit */ = {
			isa = PBXGroup;
			children = (
				570FC2001F111E0E00FEAC03 /* ASToolkit.h */,
				570FC2711F1124A300FEAC03 /* CGFloat01.swift */,
				570FC31F1F17C76A00FEAC03 /* Environment.swift */,
				570FC2751F1124A300FEAC03 /* ExtensionForCoreGraphics.swift */,
				570FC2771F1124A300FEAC03 /* ExtensionForFoundationDate.swift */,
				570FC2781F1124A300FEAC03 /* ExtensionForFoundationNSAttributedString.swift */,
				570FC2791F1124A300FEAC03 /* ExtensionForFoundationNSCharacterSet.swift */,
				570FC27A1F1124A300FEAC03 /* ExtensionForFoundationNSLayoutAnchor.swift */,
				570FC27B1F1124A300FEAC03 /* ExtensionForFoundationNSLayoutConstraint.swift */,
				570FC27C1F1124A300FEAC03 /* ExtensionForFoundationNSRange.swift */,
				570FC27D1F1124A300FEAC03 /* ExtensionForFoundationUserDefaults.swift */,
				570FC2761F1124A300FEAC03 /* ExtensionForGCD.swift */,
				570FC27E1F1124A300FEAC03 /* ExtensionForOperators.swift */,
				570FC27F1F1124A300FEAC03 /* ExtensionForSpriteKit.swift */,
				57DD96C81F1814D20001C481 /* ExtensionForSwift.swift */,
				570FC2801F1124A300FEAC03 /* ExtensionForSwiftArray.swift */,
				570FC2811F1124A300FEAC03 /* ExtensionForSwiftBool.swift */,
				570FC2821F1124A300FEAC03 /* ExtensionForSwiftCGFloat.swift */,
				570FC2831F1124A300FEAC03 /* ExtensionForSwiftCharacter.swift */,
				570FC2841F1124A300FEAC03 /* ExtensionForSwiftCollection.swift */,
				570FC2851F1124A300FEAC03 /* ExtensionForSwiftDouble.swift */,
				570FC2861F1124A300FEAC03 /* ExtensionForSwiftFloat.swift */,
				570FC2871F1124A300FEAC03 /* ExtensionForSwiftInt.swift */,
				570FC2881F1124A300FEAC03 /* ExtensionForSwiftNumeric.swift */,
				570FC2891F1124A300FEAC03 /* ExtensionForSwiftString.swift */,
				570FC28A1F1124A300FEAC03 /* ExtensionForSwiftUInt.swift */,
				570FC28B1F1124A300FEAC03 /* ExtensionForUIKitUIButton.swift */,
				570FC28C1F1124A300FEAC03 /* ExtensionForUIKitUIColor.swift */,
				570FC28D1F1124A300FEAC03 /* ExtensionForUIKitUIEdgeInsets.swift */,
				570FC28E1F1124A300FEAC03 /* ExtensionForUIKitUIFont.swift */,
				570FC28F1F1124A300FEAC03 /* ExtensionForUIKitUIView.swift */,
				570FC2011F111E0E00FEAC03 /* Info.plist */,
				570FC2911F1124A300FEAC03 /* Math.swift */,
				570FC2941F1124A300FEAC03 /* NSLayoutConstraintsBuilder.swift */,
				570FC2E11F11256D00FEAC03 /* TEST */,
				570FC2981F1124A300FEAC03 /* UIButtonWithCenteredCircle.swift */,
				570FC2991F1124A300FEAC03 /* UIGlyph.swift */,
				570FC29A1F1124A300FEAC03 /* UILabelWithInsets.swift */,
				570FC29B1F1124A300FEAC03 /* UILabelWithInsetsAndCenteredCircle.swift */,
				570FC29C1F1124A300FEAC03 /* UIPaneBorder.swift */,
				570FC29D1F1124A300FEAC03 /* UIViewCircle.swift */,
				570FC29F1F1124A300FEAC03 /* UIPaneGroup.swift */,
				570FC2A01F1124A300FEAC03 /* UIPaneGroupValue.swift */,
				570FC2A11F1124A300FEAC03 /* UIPane.swift */,
				570FC2A21F1124A300FEAC03 /* UIPaneSlider.swift */,
				570FC2A31F1124A300FEAC03 /* UIPaneValue.swift */,
				570FC2A41F1124A300FEAC03 /* Utility.swift */,
				570FC2A51F1124A300FEAC03 /* UtilityBlock.swift */,
				570FC2A61F1124A300FEAC03 /* UtilityLoop.swift */,
				57DD96C61F1802F10001C481 /* Variable.swift */,
			);
			path = ASToolkit;
			sourceTree = "<group>";
		};
		570FC20A1F111E0E00FEAC03 /* ASToolkitTests */ = {
			isa = PBXGroup;
			children = (
				570FC20B1F111E0E00FEAC03 /* ASToolkitTests.swift */,
				570FC20D1F111E0E00FEAC03 /* Info.plist */,
			);
			path = ASToolkitTests;
			sourceTree = "<group>";
		};
		570FC2E11F11256D00FEAC03 /* TEST */ = {
			isa = PBXGroup;
			children = (
				570FC2961F1124A300FEAC03 /* testUtilityVariable.swift */,
			);
			name = TEST;
			sourceTree = "<group>";
		};
		570FC2E81F16681B00FEAC03 /* UIViewShowcase */ = {
			isa = PBXGroup;
			children = (
				570FC2E91F16681B00FEAC03 /* AppDelegate.swift */,
				570FC2F31F16681B00FEAC03 /* Assets.xcassets */,
				570FC2F81F16681B00FEAC03 /* Info.plist */,
				570FC3181F1669A200FEAC03 /* UIViewShowcase.swift */,
				570FC31D1F167D9B00FEAC03 /* Main.storyboard */,
			);
			path = UIViewShowcase;
			sourceTree = "<group>";
		};
/* End PBXGroup section */

/* Begin PBXHeadersBuildPhase section */
		570FC1FA1F111E0E00FEAC03 /* Headers */ = {
			isa = PBXHeadersBuildPhase;
			buildActionMask = 2147483647;
			files = (
				570FC20E1F111E0E00FEAC03 /* ASToolkit.h in Headers */,
			);
			runOnlyForDeploymentPostprocessing = 0;
		};
/* End PBXHeadersBuildPhase section */

/* Begin PBXNativeTarget section */
		570FC1FC1F111E0E00FEAC03 /* ASToolkit */ = {
			isa = PBXNativeTarget;
			buildConfigurationList = 570FC2111F111E0E00FEAC03 /* Build configuration list for PBXNativeTarget "ASToolkit" */;
			buildPhases = (
				570FC1F81F111E0E00FEAC03 /* Sources */,
				570FC1F91F111E0E00FEAC03 /* Frameworks */,
				570FC1FA1F111E0E00FEAC03 /* Headers */,
				570FC1FB1F111E0E00FEAC03 /* Resources */,
			);
			buildRules = (
			);
			dependencies = (
			);
			name = ASToolkit;
			productName = ASToolkit;
			productReference = 570FC1FD1F111E0E00FEAC03 /* ASToolkit.framework */;
			productType = "com.apple.product-type.framework";
		};
		570FC2051F111E0E00FEAC03 /* ASToolkitTests */ = {
			isa = PBXNativeTarget;
			buildConfigurationList = 570FC2141F111E0E00FEAC03 /* Build configuration list for PBXNativeTarget "ASToolkitTests" */;
			buildPhases = (
				570FC2021F111E0E00FEAC03 /* Sources */,
				570FC2031F111E0E00FEAC03 /* Frameworks */,
				570FC2041F111E0E00FEAC03 /* Resources */,
			);
			buildRules = (
			);
			dependencies = (
				570FC2091F111E0E00FEAC03 /* PBXTargetDependency */,
			);
			name = ASToolkitTests;
			productName = ASToolkitTests;
			productReference = 570FC2061F111E0E00FEAC03 /* ASToolkitTests.xctest */;
			productType = "com.apple.product-type.bundle.unit-test";
		};
		570FC2E61F16681B00FEAC03 /* UIViewShowcase */ = {
			isa = PBXNativeTarget;
			buildConfigurationList = 570FC30F1F16681C00FEAC03 /* Build configuration list for PBXNativeTarget "UIViewShowcase" */;
			buildPhases = (
				570FC2E31F16681B00FEAC03 /* Sources */,
				570FC2E41F16681B00FEAC03 /* Frameworks */,
				570FC2E51F16681B00FEAC03 /* Resources */,
			);
			buildRules = (
			);
			dependencies = (
				570FC31C1F166BE200FEAC03 /* PBXTargetDependency */,
			);
			name = UIViewShowcase;
			productName = UIViewShowcase;
			productReference = 570FC2E71F16681B00FEAC03 /* UIViewShowcase.app */;
			productType = "com.apple.product-type.application";
		};
/* End PBXNativeTarget section */

/* Begin PBXProject section */
		570FC1F41F111E0E00FEAC03 /* Project object */ = {
			isa = PBXProject;
			attributes = {
				LastSwiftUpdateCheck = 0830;
				LastUpgradeCheck = 0830;
				ORGANIZATIONNAME = "Andrzej Semeniuk";
				TargetAttributes = {
					570FC1FC1F111E0E00FEAC03 = {
						CreatedOnToolsVersion = 8.3.3;
						DevelopmentTeam = 5AKM62S97F;
						LastSwiftMigration = 0830;
						ProvisioningStyle = Automatic;
					};
					570FC2051F111E0E00FEAC03 = {
						CreatedOnToolsVersion = 8.3.3;
						DevelopmentTeam = 5AKM62S97F;
						ProvisioningStyle = Automatic;
					};
					570FC2E61F16681B00FEAC03 = {
						CreatedOnToolsVersion = 8.3.3;
						DevelopmentTeam = 5AKM62S97F;
						ProvisioningStyle = Automatic;
					};
				};
			};
			buildConfigurationList = 570FC1F71F111E0E00FEAC03 /* Build configuration list for PBXProject "ASToolkit" */;
			compatibilityVersion = "Xcode 3.2";
			developmentRegion = English;
			hasScannedForEncodings = 0;
			knownRegions = (
				en,
				Base,
			);
			mainGroup = 570FC1F31F111E0E00FEAC03;
			productRefGroup = 570FC1FE1F111E0E00FEAC03 /* Products */;
			projectDirPath = "";
			projectRoot = "";
			targets = (
				570FC1FC1F111E0E00FEAC03 /* ASToolkit */,
				570FC2051F111E0E00FEAC03 /* ASToolkitTests */,
				570FC2E61F16681B00FEAC03 /* UIViewShowcase */,
			);
		};
/* End PBXProject section */

/* Begin PBXResourcesBuildPhase section */
		570FC1FB1F111E0E00FEAC03 /* Resources */ = {
			isa = PBXResourcesBuildPhase;
			buildActionMask = 2147483647;
			files = (
			);
			runOnlyForDeploymentPostprocessing = 0;
		};
		570FC2041F111E0E00FEAC03 /* Resources */ = {
			isa = PBXResourcesBuildPhase;
			buildActionMask = 2147483647;
			files = (
			);
			runOnlyForDeploymentPostprocessing = 0;
		};
		570FC2E51F16681B00FEAC03 /* Resources */ = {
			isa = PBXResourcesBuildPhase;
			buildActionMask = 2147483647;
			files = (
				570FC2F41F16681B00FEAC03 /* Assets.xcassets in Resources */,
				570FC31E1F167D9B00FEAC03 /* Main.storyboard in Resources */,
			);
			runOnlyForDeploymentPostprocessing = 0;
		};
/* End PBXResourcesBuildPhase section */

/* Begin PBXSourcesBuildPhase section */
		570FC1F81F111E0E00FEAC03 /* Sources */ = {
			isa = PBXSourcesBuildPhase;
			buildActionMask = 2147483647;
			files = (
				570FC2B31F1124A300FEAC03 /* ExtensionForFoundationNSLayoutConstraint.swift in Sources */,
				570FC2BF1F1124A300FEAC03 /* ExtensionForSwiftInt.swift in Sources */,
				570FC2D51F1124A300FEAC03 /* UIViewCircle.swift in Sources */,
				570FC2C41F1124A300FEAC03 /* ExtensionForUIKitUIColor.swift in Sources */,
				570FC2C01F1124A300FEAC03 /* ExtensionForSwiftNumeric.swift in Sources */,
				570FC2AF1F1124A300FEAC03 /* ExtensionForFoundationDate.swift in Sources */,
				570FC2C51F1124A300FEAC03 /* ExtensionForUIKitUIEdgeInsets.swift in Sources */,
				570FC2BA1F1124A300FEAC03 /* ExtensionForSwiftCGFloat.swift in Sources */,
				570FC2D71F1124A300FEAC03 /* UIPaneGroup.swift in Sources */,
				570FC2B21F1124A300FEAC03 /* ExtensionForFoundationNSLayoutAnchor.swift in Sources */,
				570FC2A91F1124A300FEAC03 /* CGFloat01.swift in Sources */,
				570FC2DA1F1124A300FEAC03 /* UIPaneSlider.swift in Sources */,
				570FC2BE1F1124A300FEAC03 /* ExtensionForSwiftFloat.swift in Sources */,
				570FC2C61F1124A300FEAC03 /* ExtensionForUIKitUIFont.swift in Sources */,
				570FC2DC1F1124A300FEAC03 /* Utility.swift in Sources */,
				570FC2BB1F1124A300FEAC03 /* ExtensionForSwiftCharacter.swift in Sources */,
				570FC2D81F1124A300FEAC03 /* UIPaneGroupValue.swift in Sources */,
				570FC2C31F1124A300FEAC03 /* ExtensionForUIKitUIButton.swift in Sources */,
				570FC2AE1F1124A300FEAC03 /* ExtensionForGCD.swift in Sources */,
				570FC2DB1F1124A300FEAC03 /* UIPaneValue.swift in Sources */,
				570FC2D91F1124A300FEAC03 /* UIPane.swift in Sources */,
				570FC2B61F1124A300FEAC03 /* ExtensionForOperators.swift in Sources */,
				570FC2D41F1124A300FEAC03 /* UIPaneBorder.swift in Sources */,
				570FC2D21F1124A300FEAC03 /* UILabelWithInsets.swift in Sources */,
				570FC2B01F1124A300FEAC03 /* ExtensionForFoundationNSAttributedString.swift in Sources */,
				570FC2B71F1124A300FEAC03 /* ExtensionForSpriteKit.swift in Sources */,
				570FC2BD1F1124A300FEAC03 /* ExtensionForSwiftDouble.swift in Sources */,
				570FC2C11F1124A300FEAC03 /* ExtensionForSwiftString.swift in Sources */,
				570FC2D11F1124A300FEAC03 /* UIGlyph.swift in Sources */,
				570FC2DE1F1124A300FEAC03 /* UtilityLoop.swift in Sources */,
				570FC2B81F1124A300FEAC03 /* ExtensionForSwiftArray.swift in Sources */,
				570FC2DD1F1124A300FEAC03 /* UtilityBlock.swift in Sources */,
				570FC2BC1F1124A300FEAC03 /* ExtensionForSwiftCollection.swift in Sources */,
				570FC2AD1F1124A300FEAC03 /* ExtensionForCoreGraphics.swift in Sources */,
				57DD96C91F1814D20001C481 /* ExtensionForSwift.swift in Sources */,
				570FC2B41F1124A300FEAC03 /* ExtensionForFoundationNSRange.swift in Sources */,
				570FC2C21F1124A300FEAC03 /* ExtensionForSwiftUInt.swift in Sources */,
				570FC2C91F1124A300FEAC03 /* Math.swift in Sources */,
				570FC2C71F1124A300FEAC03 /* ExtensionForUIKitUIView.swift in Sources */,
				570FC2D01F1124A300FEAC03 /* UIButtonWithCenteredCircle.swift in Sources */,
				570FC2B51F1124A300FEAC03 /* ExtensionForFoundationUserDefaults.swift in Sources */,
				570FC2B11F1124A300FEAC03 /* ExtensionForFoundationNSCharacterSet.swift in Sources */,
				57DD96C71F1802F10001C481 /* Variable.swift in Sources */,
				570FC2D31F1124A300FEAC03 /* UILabelWithInsetsAndCenteredCircle.swift in Sources */,
				570FC2CC1F1124A300FEAC03 /* NSLayoutConstraintsBuilder.swift in Sources */,
				570FC2B91F1124A300FEAC03 /* ExtensionForSwiftBool.swift in Sources */,
				570FC3201F17C76A00FEAC03 /* Environment.swift in Sources */,
			);
			runOnlyForDeploymentPostprocessing = 0;
		};
		570FC2021F111E0E00FEAC03 /* Sources */ = {
			isa = PBXSourcesBuildPhase;
			buildActionMask = 2147483647;
			files = (
				570FC2E21F16643B00FEAC03 /* testUtilityVariable.swift in Sources */,
				570FC20C1F111E0E00FEAC03 /* ASToolkitTests.swift in Sources */,
			);
			runOnlyForDeploymentPostprocessing = 0;
		};
		570FC2E31F16681B00FEAC03 /* Sources */ = {
			isa = PBXSourcesBuildPhase;
			buildActionMask = 2147483647;
			files = (
				570FC3191F1669A200FEAC03 /* UIViewShowcase.swift in Sources */,
				570FC2EA1F16681B00FEAC03 /* AppDelegate.swift in Sources */,
			);
			runOnlyForDeploymentPostprocessing = 0;
		};
/* End PBXSourcesBuildPhase section */

/* Begin PBXTargetDependency section */
		570FC2091F111E0E00FEAC03 /* PBXTargetDependency */ = {
			isa = PBXTargetDependency;
			target = 570FC1FC1F111E0E00FEAC03 /* ASToolkit */;
			targetProxy = 570FC2081F111E0E00FEAC03 /* PBXContainerItemProxy */;
		};
		570FC31C1F166BE200FEAC03 /* PBXTargetDependency */ = {
			isa = PBXTargetDependency;
			target = 570FC1FC1F111E0E00FEAC03 /* ASToolkit */;
			targetProxy = 570FC31B1F166BE200FEAC03 /* PBXContainerItemProxy */;
		};
/* End PBXTargetDependency section */

/* Begin XCBuildConfiguration section */
		570FC20F1F111E0E00FEAC03 /* Debug */ = {
			isa = XCBuildConfiguration;
			buildSettings = {
				ALWAYS_SEARCH_USER_PATHS = NO;
				CLANG_ANALYZER_NONNULL = YES;
				CLANG_ANALYZER_NUMBER_OBJECT_CONVERSION = YES_AGGRESSIVE;
				CLANG_CXX_LANGUAGE_STANDARD = "gnu++0x";
				CLANG_CXX_LIBRARY = "libc++";
				CLANG_ENABLE_MODULES = YES;
				CLANG_ENABLE_OBJC_ARC = YES;
				CLANG_WARN_BOOL_CONVERSION = YES;
				CLANG_WARN_CONSTANT_CONVERSION = YES;
				CLANG_WARN_DIRECT_OBJC_ISA_USAGE = YES_ERROR;
				CLANG_WARN_DOCUMENTATION_COMMENTS = YES;
				CLANG_WARN_EMPTY_BODY = YES;
				CLANG_WARN_ENUM_CONVERSION = YES;
				CLANG_WARN_INFINITE_RECURSION = YES;
				CLANG_WARN_INT_CONVERSION = YES;
				CLANG_WARN_OBJC_ROOT_CLASS = YES_ERROR;
				CLANG_WARN_SUSPICIOUS_MOVE = YES;
				CLANG_WARN_UNREACHABLE_CODE = YES;
				CLANG_WARN__DUPLICATE_METHOD_MATCH = YES;
				"CODE_SIGN_IDENTITY[sdk=iphoneos*]" = "iPhone Developer";
				COPY_PHASE_STRIP = NO;
				CURRENT_PROJECT_VERSION = 1;
				DEBUG_INFORMATION_FORMAT = dwarf;
				ENABLE_STRICT_OBJC_MSGSEND = YES;
				ENABLE_TESTABILITY = YES;
				GCC_C_LANGUAGE_STANDARD = gnu99;
				GCC_DYNAMIC_NO_PIC = NO;
				GCC_NO_COMMON_BLOCKS = YES;
				GCC_OPTIMIZATION_LEVEL = 0;
				GCC_PREPROCESSOR_DEFINITIONS = (
					"DEBUG=1",
					"$(inherited)",
				);
				GCC_WARN_64_TO_32_BIT_CONVERSION = YES;
				GCC_WARN_ABOUT_RETURN_TYPE = YES_ERROR;
				GCC_WARN_UNDECLARED_SELECTOR = YES;
				GCC_WARN_UNINITIALIZED_AUTOS = YES_AGGRESSIVE;
				GCC_WARN_UNUSED_FUNCTION = YES;
				GCC_WARN_UNUSED_VARIABLE = YES;
				IPHONEOS_DEPLOYMENT_TARGET = 10.3;
				MTL_ENABLE_DEBUG_INFO = YES;
				ONLY_ACTIVE_ARCH = YES;
				SDKROOT = iphoneos;
				SWIFT_ACTIVE_COMPILATION_CONDITIONS = DEBUG;
				SWIFT_OPTIMIZATION_LEVEL = "-Onone";
				TARGETED_DEVICE_FAMILY = "1,2";
				VERSIONING_SYSTEM = "apple-generic";
				VERSION_INFO_PREFIX = "";
			};
			name = Debug;
		};
		570FC2101F111E0E00FEAC03 /* Release */ = {
			isa = XCBuildConfiguration;
			buildSettings = {
				ALWAYS_SEARCH_USER_PATHS = NO;
				CLANG_ANALYZER_NONNULL = YES;
				CLANG_ANALYZER_NUMBER_OBJECT_CONVERSION = YES_AGGRESSIVE;
				CLANG_CXX_LANGUAGE_STANDARD = "gnu++0x";
				CLANG_CXX_LIBRARY = "libc++";
				CLANG_ENABLE_MODULES = YES;
				CLANG_ENABLE_OBJC_ARC = YES;
				CLANG_WARN_BOOL_CONVERSION = YES;
				CLANG_WARN_CONSTANT_CONVERSION = YES;
				CLANG_WARN_DIRECT_OBJC_ISA_USAGE = YES_ERROR;
				CLANG_WARN_DOCUMENTATION_COMMENTS = YES;
				CLANG_WARN_EMPTY_BODY = YES;
				CLANG_WARN_ENUM_CONVERSION = YES;
				CLANG_WARN_INFINITE_RECURSION = YES;
				CLANG_WARN_INT_CONVERSION = YES;
				CLANG_WARN_OBJC_ROOT_CLASS = YES_ERROR;
				CLANG_WARN_SUSPICIOUS_MOVE = YES;
				CLANG_WARN_UNREACHABLE_CODE = YES;
				CLANG_WARN__DUPLICATE_METHOD_MATCH = YES;
				"CODE_SIGN_IDENTITY[sdk=iphoneos*]" = "iPhone Developer";
				COPY_PHASE_STRIP = NO;
				CURRENT_PROJECT_VERSION = 1;
				DEBUG_INFORMATION_FORMAT = "dwarf-with-dsym";
				ENABLE_NS_ASSERTIONS = NO;
				ENABLE_STRICT_OBJC_MSGSEND = YES;
				GCC_C_LANGUAGE_STANDARD = gnu99;
				GCC_NO_COMMON_BLOCKS = YES;
				GCC_WARN_64_TO_32_BIT_CONVERSION = YES;
				GCC_WARN_ABOUT_RETURN_TYPE = YES_ERROR;
				GCC_WARN_UNDECLARED_SELECTOR = YES;
				GCC_WARN_UNINITIALIZED_AUTOS = YES_AGGRESSIVE;
				GCC_WARN_UNUSED_FUNCTION = YES;
				GCC_WARN_UNUSED_VARIABLE = YES;
				IPHONEOS_DEPLOYMENT_TARGET = 10.3;
				MTL_ENABLE_DEBUG_INFO = NO;
				SDKROOT = iphoneos;
				SWIFT_OPTIMIZATION_LEVEL = "-Owholemodule";
				TARGETED_DEVICE_FAMILY = "1,2";
				VALIDATE_PRODUCT = YES;
				VERSIONING_SYSTEM = "apple-generic";
				VERSION_INFO_PREFIX = "";
			};
			name = Release;
		};
		570FC2121F111E0E00FEAC03 /* Debug */ = {
			isa = XCBuildConfiguration;
			buildSettings = {
				CLANG_ENABLE_MODULES = YES;
				CODE_SIGN_IDENTITY = "";
				DEFINES_MODULE = YES;
				DEVELOPMENT_TEAM = 5AKM62S97F;
				DYLIB_COMPATIBILITY_VERSION = 1;
				DYLIB_CURRENT_VERSION = 1;
				DYLIB_INSTALL_NAME_BASE = "@rpath";
				INFOPLIST_FILE = ASToolkit/Info.plist;
				INSTALL_PATH = "$(LOCAL_LIBRARY_DIR)/Frameworks";
				LD_RUNPATH_SEARCH_PATHS = "$(inherited) @executable_path/Frameworks @loader_path/Frameworks";
				PRODUCT_BUNDLE_IDENTIFIER = com.andrzejsemeniuk.ASToolkit;
				PRODUCT_NAME = "$(TARGET_NAME)";
				SKIP_INSTALL = YES;
				SWIFT_OPTIMIZATION_LEVEL = "-Onone";
				SWIFT_VERSION = 3.0;
			};
			name = Debug;
		};
		570FC2131F111E0E00FEAC03 /* Release */ = {
			isa = XCBuildConfiguration;
			buildSettings = {
				CLANG_ENABLE_MODULES = YES;
				CODE_SIGN_IDENTITY = "";
				DEFINES_MODULE = YES;
				DEVELOPMENT_TEAM = 5AKM62S97F;
				DYLIB_COMPATIBILITY_VERSION = 1;
				DYLIB_CURRENT_VERSION = 1;
				DYLIB_INSTALL_NAME_BASE = "@rpath";
				INFOPLIST_FILE = ASToolkit/Info.plist;
				INSTALL_PATH = "$(LOCAL_LIBRARY_DIR)/Frameworks";
				LD_RUNPATH_SEARCH_PATHS = "$(inherited) @executable_path/Frameworks @loader_path/Frameworks";
				PRODUCT_BUNDLE_IDENTIFIER = com.andrzejsemeniuk.ASToolkit;
				PRODUCT_NAME = "$(TARGET_NAME)";
				SKIP_INSTALL = YES;
				SWIFT_VERSION = 3.0;
			};
			name = Release;
		};
		570FC2151F111E0E00FEAC03 /* Debug */ = {
			isa = XCBuildConfiguration;
			buildSettings = {
				ALWAYS_EMBED_SWIFT_STANDARD_LIBRARIES = YES;
				DEVELOPMENT_TEAM = 5AKM62S97F;
				INFOPLIST_FILE = ASToolkitTests/Info.plist;
				LD_RUNPATH_SEARCH_PATHS = "$(inherited) @executable_path/Frameworks @loader_path/Frameworks";
				PRODUCT_BUNDLE_IDENTIFIER = com.andrzejsemeniuk.ASToolkitTests;
				PRODUCT_NAME = "$(TARGET_NAME)";
				SWIFT_VERSION = 3.0;
			};
			name = Debug;
		};
		570FC2161F111E0E00FEAC03 /* Release */ = {
			isa = XCBuildConfiguration;
			buildSettings = {
				ALWAYS_EMBED_SWIFT_STANDARD_LIBRARIES = YES;
				DEVELOPMENT_TEAM = 5AKM62S97F;
				INFOPLIST_FILE = ASToolkitTests/Info.plist;
				LD_RUNPATH_SEARCH_PATHS = "$(inherited) @executable_path/Frameworks @loader_path/Frameworks";
				PRODUCT_BUNDLE_IDENTIFIER = com.andrzejsemeniuk.ASToolkitTests;
				PRODUCT_NAME = "$(TARGET_NAME)";
				SWIFT_VERSION = 3.0;
			};
			name = Release;
		};
		570FC3101F16681C00FEAC03 /* Debug */ = {
			isa = XCBuildConfiguration;
			buildSettings = {
				ASSETCATALOG_COMPILER_APPICON_NAME = AppIcon;
				DEVELOPMENT_TEAM = 5AKM62S97F;
				INFOPLIST_FILE = UIViewShowcase/Info.plist;
				LD_RUNPATH_SEARCH_PATHS = "$(inherited) @executable_path/Frameworks";
				PRODUCT_BUNDLE_IDENTIFIER = com.andrzejsemeniuk.UIViewShowcase;
				PRODUCT_NAME = "$(TARGET_NAME)";
				SWIFT_VERSION = 3.0;
				TARGETED_DEVICE_FAMILY = 2;
			};
			name = Debug;
		};
		570FC3111F16681C00FEAC03 /* Release */ = {
			isa = XCBuildConfiguration;
			buildSettings = {
				ASSETCATALOG_COMPILER_APPICON_NAME = AppIcon;
				DEVELOPMENT_TEAM = 5AKM62S97F;
				INFOPLIST_FILE = UIViewShowcase/Info.plist;
				LD_RUNPATH_SEARCH_PATHS = "$(inherited) @executable_path/Frameworks";
				PRODUCT_BUNDLE_IDENTIFIER = com.andrzejsemeniuk.UIViewShowcase;
				PRODUCT_NAME = "$(TARGET_NAME)";
				SWIFT_VERSION = 3.0;
				TARGETED_DEVICE_FAMILY = 2;
			};
			name = Release;
		};
/* End XCBuildConfiguration section */

/* Begin XCConfigurationList section */
		570FC1F71F111E0E00FEAC03 /* Build configuration list for PBXProject "ASToolkit" */ = {
			isa = XCConfigurationList;
			buildConfigurations = (
				570FC20F1F111E0E00FEAC03 /* Debug */,
				570FC2101F111E0E00FEAC03 /* Release */,
			);
			defaultConfigurationIsVisible = 0;
			defaultConfigurationName = Release;
		};
		570FC2111F111E0E00FEAC03 /* Build configuration list for PBXNativeTarget "ASToolkit" */ = {
			isa = XCConfigurationList;
			buildConfigurations = (
				570FC2121F111E0E00FEAC03 /* Debug */,
				570FC2131F111E0E00FEAC03 /* Release */,
			);
			defaultConfigurationIsVisible = 0;
			defaultConfigurationName = Release;
		};
		570FC2141F111E0E00FEAC03 /* Build configuration list for PBXNativeTarget "ASToolkitTests" */ = {
			isa = XCConfigurationList;
			buildConfigurations = (
				570FC2151F111E0E00FEAC03 /* Debug */,
				570FC2161F111E0E00FEAC03 /* Release */,
			);
			defaultConfigurationIsVisible = 0;
			defaultConfigurationName = Release;
		};
		570FC30F1F16681C00FEAC03 /* Build configuration list for PBXNativeTarget "UIViewShowcase" */ = {
			isa = XCConfigurationList;
			buildConfigurations = (
				570FC3101F16681C00FEAC03 /* Debug */,
				570FC3111F16681C00FEAC03 /* Release */,
			);
			defaultConfigurationIsVisible = 0;
			defaultConfigurationName = Release;
		};
/* End XCConfigurationList section */
	};
	rootObject = 570FC1F41F111E0E00FEAC03 /* Project object */;
}
