{
  "originHash" : "9be1ce9cd5ec6eb8156aebee775862685f309175ca1b1bc32f22cff5e06214b2",
  "pins" : [
    {
      "identity" : "swiftyjson",
      "kind" : "remoteSourceControl",
      "location" : "https://github.com/SwiftyJSON/SwiftyJSON.git",
      "state" : {
        "revision" : "b3dcd7dbd0d488e1a7077cb33b00f2083e382f07",
        "version" : "5.0.1"
      }
    }
  ],
  "version" : 3
}
